# This file is automatically @generated by Poetry 1.4.2 and should not be changed by hand.

[[package]]
name = "smbus2"
version = "0.4.2"
description = "smbus2 is a drop-in replacement for smbus-cffi/smbus-python in pure Python"
category = "main"
optional = false
python-versions = "*"
files = [
    {file = "smbus2-0.4.2-py2.py3-none-any.whl", hash = "sha256:50f3c78e436b42a9583948be06961a8104cf020ebad5edfaaf2657528bef0818"},
    {file = "smbus2-0.4.2.tar.gz", hash = "sha256:634541ed794068a822fe7499f1577468b9d4641b68dd9bfb6d0eb7270f4d2a32"},
]

[package.extras]
docs = ["sphinx (>=1.5.3)"]
qa = ["flake8"]
test = ["mock", "nose"]

[metadata]
lock-version = "2.0"
python-versions = "^3.9"
content-hash = "187de48e0fdc36055b517862f702cf8aaefb342414842eb875567a2a0e155487"
